
Microsoft Visual Studio Solution File, Format Version 12.00
# Visual Studio Version 16
VisualStudioVersion = 16.0.29424.173
MinimumVisualStudioVersion = 10.0.40219.1
Project("{9A19103F-16F7-4668-BE54-9A1E7A4F7556}") = "两数之和", "两数之和\两数之和.csproj", "{C38B23E3-C085-4959-8365-647CF8453E8A}"
EndProject
Project("{9A19103F-16F7-4668-BE54-9A1E7A4F7556}") = "每日温度", "每日温度\每日温度.csproj", "{C78225A9-AA85-4F8F-BF25-A450A6A927AF}"
EndProject
Project("{FAE04EC0-301F-11D3-BF4B-00C04F79EFBC}") = "重新排列数组", "重新排列数组\重新排列数组.csproj", "{63B2509C-1ED6-43E2-BC6F-8E5BE6C2FE30}"
EndProject
Project("{FAE04EC0-301F-11D3-BF4B-00C04F79EFBC}") = "拥有最多糖果的孩子", "拥有最多糖果的孩子\拥有最多糖果的孩子.csproj", "{49624CFA-6F7C-440F-A468-FA29E099E230}"
EndProject
Project("{2150E333-8FDC-42A3-9474-1A3956D46DE8}") = "数组", "数组", "{713311B9-7A03-4548-A6E7-7C3FDE90FB52}"
EndProject
Project("{FAE04EC0-301F-11D3-BF4B-00C04F79EFBC}") = "三数之和", "三数之和\三数之和.csproj", "{2BD6B372-D41E-47CB-8F81-44BC2BCBFF0B}"
EndProject
Global
	GlobalSection(SolutionConfigurationPlatforms) = preSolution
		Debug|Any CPU = Debug|Any CPU
		Release|Any CPU = Release|Any CPU
	EndGlobalSection
	GlobalSection(ProjectConfigurationPlatforms) = postSolution
		{C38B23E3-C085-4959-8365-647CF8453E8A}.Debug|Any CPU.ActiveCfg = Debug|Any CPU
		{C38B23E3-C085-4959-8365-647CF8453E8A}.Debug|Any CPU.Build.0 = Debug|Any CPU
		{C38B23E3-C085-4959-8365-647CF8453E8A}.Release|Any CPU.ActiveCfg = Release|Any CPU
		{C38B23E3-C085-4959-8365-647CF8453E8A}.Release|Any CPU.Build.0 = Release|Any CPU
		{C78225A9-AA85-4F8F-BF25-A450A6A927AF}.Debug|Any CPU.ActiveCfg = Debug|Any CPU
		{C78225A9-AA85-4F8F-BF25-A450A6A927AF}.Debug|Any CPU.Build.0 = Debug|Any CPU
		{C78225A9-AA85-4F8F-BF25-A450A6A927AF}.Release|Any CPU.ActiveCfg = Release|Any CPU
		{C78225A9-AA85-4F8F-BF25-A450A6A927AF}.Release|Any CPU.Build.0 = Release|Any CPU
		{63B2509C-1ED6-43E2-BC6F-8E5BE6C2FE30}.Debug|Any CPU.ActiveCfg = Debug|Any CPU
		{63B2509C-1ED6-43E2-BC6F-8E5BE6C2FE30}.Debug|Any CPU.Build.0 = Debug|Any CPU
		{63B2509C-1ED6-43E2-BC6F-8E5BE6C2FE30}.Release|Any CPU.ActiveCfg = Release|Any CPU
		{63B2509C-1ED6-43E2-BC6F-8E5BE6C2FE30}.Release|Any CPU.Build.0 = Release|Any CPU
		{49624CFA-6F7C-440F-A468-FA29E099E230}.Debug|Any CPU.ActiveCfg = Debug|Any CPU
		{49624CFA-6F7C-440F-A468-FA29E099E230}.Debug|Any CPU.Build.0 = Debug|Any CPU
		{49624CFA-6F7C-440F-A468-FA29E099E230}.Release|Any CPU.ActiveCfg = Release|Any CPU
		{49624CFA-6F7C-440F-A468-FA29E099E230}.Release|Any CPU.Build.0 = Release|Any CPU
		{2BD6B372-D41E-47CB-8F81-44BC2BCBFF0B}.Debug|Any CPU.ActiveCfg = Debug|Any CPU
		{2BD6B372-D41E-47CB-8F81-44BC2BCBFF0B}.Debug|Any CPU.Build.0 = Debug|Any CPU
		{2BD6B372-D41E-47CB-8F81-44BC2BCBFF0B}.Release|Any CPU.ActiveCfg = Release|Any CPU
		{2BD6B372-D41E-47CB-8F81-44BC2BCBFF0B}.Release|Any CPU.Build.0 = Release|Any CPU
	EndGlobalSection
	GlobalSection(SolutionProperties) = preSolution
		HideSolutionNode = FALSE
	EndGlobalSection
	GlobalSection(NestedProjects) = preSolution
		{C38B23E3-C085-4959-8365-647CF8453E8A} = {713311B9-7A03-4548-A6E7-7C3FDE90FB52}
		{C78225A9-AA85-4F8F-BF25-A450A6A927AF} = {713311B9-7A03-4548-A6E7-7C3FDE90FB52}
		{63B2509C-1ED6-43E2-BC6F-8E5BE6C2FE30} = {713311B9-7A03-4548-A6E7-7C3FDE90FB52}
		{49624CFA-6F7C-440F-A468-FA29E099E230} = {713311B9-7A03-4548-A6E7-7C3FDE90FB52}
		{2BD6B372-D41E-47CB-8F81-44BC2BCBFF0B} = {713311B9-7A03-4548-A6E7-7C3FDE90FB52}
	EndGlobalSection
	GlobalSection(ExtensibilityGlobals) = postSolution
		SolutionGuid = {1E79C9DE-8EED-47CB-A40E-F4503E906AB5}
	EndGlobalSection
EndGlobal
